// !$*UTF8*$!
{
	archiveVersion = 1;
	classes = {
	};
	objectVersion = 56;
	objects = {

/* Begin PBXBuildFile section */
		96DF2EF62B5E109800DBFA4E /* sampleApp.swift in Sources */ = {isa = PBXBuildFile; fileRef = 96DF2EF52B5E109800DBFA4E /* sampleApp.swift */; };
		96DF2EFA2B5E109A00DBFA4E /* Assets.xcassets in Resources */ = {isa = PBXBuildFile; fileRef = 96DF2EF92B5E109A00DBFA4E /* Assets.xcassets */; };
		96DF2EFD2B5E109A00DBFA4E /* Preview Assets.xcassets in Resources */ = {isa = PBXBuildFile; fileRef = 96DF2EFC2B5E109A00DBFA4E /* Preview Assets.xcassets */; };
		96DF2F132B5E1AB600DBFA4E /* addTask.swift in Sources */ = {isa = PBXBuildFile; fileRef = 96DF2F122B5E1AB600DBFA4E /* addTask.swift */; };
		96DF2F152B5E2C1D00DBFA4E /* profile.swift in Sources */ = {isa = PBXBuildFile; fileRef = 96DF2F142B5E2C1D00DBFA4E /* profile.swift */; };
		96DF2F172B5E2EFB00DBFA4E /* displayTasks.swift in Sources */ = {isa = PBXBuildFile; fileRef = 96DF2F162B5E2EFB00DBFA4E /* displayTasks.swift */; };
		96DF2F192B5E2F0C00DBFA4E /* eachRow.swift in Sources */ = {isa = PBXBuildFile; fileRef = 96DF2F182B5E2F0C00DBFA4E /* eachRow.swift */; };
		96DF2F1B2B5E2F7A00DBFA4E /* model.swift in Sources */ = {isa = PBXBuildFile; fileRef = 96DF2F1A2B5E2F7A00DBFA4E /* model.swift */; };
		96DF2F1E2B5E2FDB00DBFA4E /* Task.xcdatamodeld in Sources */ = {isa = PBXBuildFile; fileRef = 96DF2F1C2B5E2FDB00DBFA4E /* Task.xcdatamodeld */; };
		96DF2F202B5E341500DBFA4E /* backButton.swift in Sources */ = {isa = PBXBuildFile; fileRef = 96DF2F1F2B5E341500DBFA4E /* backButton.swift */; };
		96DF2F222B5E365C00DBFA4E /* tabView.swift in Sources */ = {isa = PBXBuildFile; fileRef = 96DF2F212B5E365C00DBFA4E /* tabView.swift */; };
		96DF2F242B5E372700DBFA4E /* news.swift in Sources */ = {isa = PBXBuildFile; fileRef = 96DF2F232B5E372700DBFA4E /* news.swift */; };
		96DF2F282B5E625C00DBFA4E /* dueDate.swift in Sources */ = {isa = PBXBuildFile; fileRef = 96DF2F272B5E625C00DBFA4E /* dueDate.swift */; };
/* End PBXBuildFile section */

/* Begin PBXFileReference section */
		96DF2EF22B5E109800DBFA4E /* sample.app */ = {isa = PBXFileReference; explicitFileType = wrapper.application; includeInIndex = 0; path = sample.app; sourceTree = BUILT_PRODUCTS_DIR; };
		96DF2EF52B5E109800DBFA4E /* sampleApp.swift */ = {isa = PBXFileReference; lastKnownFileType = sourcecode.swift; path = sampleApp.swift; sourceTree = "<group>"; };
		96DF2EF92B5E109A00DBFA4E /* Assets.xcassets */ = {isa = PBXFileReference; lastKnownFileType = folder.assetcatalog; path = Assets.xcassets; sourceTree = "<group>"; };
		96DF2EFC2B5E109A00DBFA4E /* Preview Assets.xcassets */ = {isa = PBXFileReference; lastKnownFileType = folder.assetcatalog; path = "Preview Assets.xcassets"; sourceTree = "<group>"; };
		96DF2F122B5E1AB600DBFA4E /* addTask.swift */ = {isa = PBXFileReference; lastKnownFileType = sourcecode.swift; path = addTask.swift; sourceTree = "<group>"; };
		96DF2F142B5E2C1D00DBFA4E /* profile.swift */ = {isa = PBXFileReference; lastKnownFileType = sourcecode.swift; path = profile.swift; sourceTree = "<group>"; };
		96DF2F162B5E2EFB00DBFA4E /* displayTasks.swift */ = {isa = PBXFileReference; lastKnownFileType = sourcecode.swift; path = displayTasks.swift; sourceTree = "<group>"; };
		96DF2F182B5E2F0C00DBFA4E /* eachRow.swift */ = {isa = PBXFileReference; lastKnownFileType = sourcecode.swift; path = eachRow.swift; sourceTree = "<group>"; };
		96DF2F1A2B5E2F7A00DBFA4E /* model.swift */ = {isa = PBXFileReference; lastKnownFileType = sourcecode.swift; path = model.swift; sourceTree = "<group>"; };
		96DF2F1D2B5E2FDB00DBFA4E /* Task.xcdatamodel */ = {isa = PBXFileReference; lastKnownFileType = wrapper.xcdatamodel; path = Task.xcdatamodel; sourceTree = "<group>"; };
		96DF2F1F2B5E341500DBFA4E /* backButton.swift */ = {isa = PBXFileReference; lastKnownFileType = sourcecode.swift; path = backButton.swift; sourceTree = "<group>"; };
		96DF2F212B5E365C00DBFA4E /* tabView.swift */ = {isa = PBXFileReference; lastKnownFileType = sourcecode.swift; path = tabView.swift; sourceTree = "<group>"; };
		96DF2F232B5E372700DBFA4E /* news.swift */ = {isa = PBXFileReference; lastKnownFileType = sourcecode.swift; path = news.swift; sourceTree = "<group>"; };
		96DF2F272B5E625C00DBFA4E /* dueDate.swift */ = {isa = PBXFileReference; lastKnownFileType = sourcecode.swift; path = dueDate.swift; sourceTree = "<group>"; };
/* End PBXFileReference section */

/* Begin PBXFrameworksBuildPhase section */
		96DF2EEF2B5E109800DBFA4E /* Frameworks */ = {
			isa = PBXFrameworksBuildPhase;
			buildActionMask = 2147483647;
			files = (
			);
			runOnlyForDeploymentPostprocessing = 0;
		};
/* End PBXFrameworksBuildPhase section */

/* Begin PBXGroup section */
		96DF2EE92B5E109800DBFA4E = {
			isa = PBXGroup;
			children = (
				96DF2EF42B5E109800DBFA4E /* sample */,
				96DF2EF32B5E109800DBFA4E /* Products */,
			);
			sourceTree = "<group>";
		};
		96DF2EF32B5E109800DBFA4E /* Products */ = {
			isa = PBXGroup;
			children = (
				96DF2EF22B5E109800DBFA4E /* sample.app */,
			);
			name = Products;
			sourceTree = "<group>";
		};
		96DF2EF42B5E109800DBFA4E /* sample */ = {
			isa = PBXGroup;
			children = (
				96DF2EF52B5E109800DBFA4E /* sampleApp.swift */,
				96DF2F042B5E134700DBFA4E /* modelviews */,
				96DF2F032B5E133600DBFA4E /* views */,
				96DF2EF92B5E109A00DBFA4E /* Assets.xcassets */,
				96DF2F1C2B5E2FDB00DBFA4E /* Task.xcdatamodeld */,
				96DF2EFB2B5E109A00DBFA4E /* Preview Content */,
			);
			path = sample;
			sourceTree = "<group>";
		};
		96DF2EFB2B5E109A00DBFA4E /* Preview Content */ = {
			isa = PBXGroup;
			children = (
				96DF2EFC2B5E109A00DBFA4E /* Preview Assets.xcassets */,
			);
			path = "Preview Content";
			sourceTree = "<group>";
		};
		96DF2F032B5E133600DBFA4E /* views */ = {
			isa = PBXGroup;
			children = (
				96DF2F122B5E1AB600DBFA4E /* addTask.swift */,
				96DF2F142B5E2C1D00DBFA4E /* profile.swift */,
				96DF2F162B5E2EFB00DBFA4E /* displayTasks.swift */,
				96DF2F182B5E2F0C00DBFA4E /* eachRow.swift */,
				96DF2F1F2B5E341500DBFA4E /* backButton.swift */,
				96DF2F212B5E365C00DBFA4E /* tabView.swift */,
				96DF2F232B5E372700DBFA4E /* news.swift */,
				96DF2F272B5E625C00DBFA4E /* dueDate.swift */,
			);
			path = views;
			sourceTree = "<group>";
		};
		96DF2F042B5E134700DBFA4E /* modelviews */ = {
			isa = PBXGroup;
			children = (
				96DF2F1A2B5E2F7A00DBFA4E /* model.swift */,
			);
			path = modelviews;
			sourceTree = "<group>";
		};
/* End PBXGroup section */

/* Begin PBXNativeTarget section */
		96DF2EF12B5E109800DBFA4E /* sample */ = {
			isa = PBXNativeTarget;
			buildConfigurationList = 96DF2F002B5E109A00DBFA4E /* Build configuration list for PBXNativeTarget "sample" */;
			buildPhases = (
				96DF2EEE2B5E109800DBFA4E /* Sources */,
				96DF2EEF2B5E109800DBFA4E /* Frameworks */,
				96DF2EF02B5E109800DBFA4E /* Resources */,
			);
			buildRules = (
			);
			dependencies = (
			);
			name = sample;
			productName = sample;
			productReference = 96DF2EF22B5E109800DBFA4E /* sample.app */;
			productType = "com.apple.product-type.application";
		};
/* End PBXNativeTarget section */

/* Begin PBXProject section */
		96DF2EEA2B5E109800DBFA4E /* Project object */ = {
			isa = PBXProject;
			attributes = {
				BuildIndependentTargetsInParallel = 1;
				LastSwiftUpdateCheck = 1520;
				LastUpgradeCheck = 1520;
				TargetAttributes = {
					96DF2EF12B5E109800DBFA4E = {
						CreatedOnToolsVersion = 15.2;
					};
				};
			};
			buildConfigurationList = 96DF2EED2B5E109800DBFA4E /* Build configuration list for PBXProject "sample" */;
			compatibilityVersion = "Xcode 14.0";
			developmentRegion = en;
			hasScannedForEncodings = 0;
			knownRegions = (
				en,
				Base,
			);
			mainGroup = 96DF2EE92B5E109800DBFA4E;
			productRefGroup = 96DF2EF32B5E109800DBFA4E /* Products */;
			projectDirPath = "";
			projectRoot = "";
			targets = (
				96DF2EF12B5E109800DBFA4E /* sample */,
			);
		};
/* End PBXProject section */

/* Begin PBXResourcesBuildPhase section */
		96DF2EF02B5E109800DBFA4E /* Resources */ = {
			isa = PBXResourcesBuildPhase;
			buildActionMask = 2147483647;
			files = (
				96DF2EFD2B5E109A00DBFA4E /* Preview Assets.xcassets in Resources */,
				96DF2EFA2B5E109A00DBFA4E /* Assets.xcassets in Resources */,
			);
			runOnlyForDeploymentPostprocessing = 0;
		};
/* End PBXResourcesBuildPhase section */

/* Begin PBXSourcesBuildPhase section */
		96DF2EEE2B5E109800DBFA4E /* Sources */ = {
			isa = PBXSourcesBuildPhase;
			buildActionMask = 2147483647;
			files = (
				96DF2F242B5E372700DBFA4E /* news.swift in Sources */,
				96DF2F222B5E365C00DBFA4E /* tabView.swift in Sources */,
				96DF2F202B5E341500DBFA4E /* backButton.swift in Sources */,
				96DF2F1E2B5E2FDB00DBFA4E /* Task.xcdatamodeld in Sources */,
				96DF2F192B5E2F0C00DBFA4E /* eachRow.swift in Sources */,
				96DF2F1B2B5E2F7A00DBFA4E /* model.swift in Sources */,
				96DF2F282B5E625C00DBFA4E /* dueDate.swift in Sources */,
				96DF2F152B5E2C1D00DBFA4E /* profile.swift in Sources */,
				96DF2F172B5E2EFB00DBFA4E /* displayTasks.swift in Sources */,
				96DF2F132B5E1AB600DBFA4E /* addTask.swift in Sources */,
				96DF2EF62B5E109800DBFA4E /* sampleApp.swift in Sources */,
			);
			runOnlyForDeploymentPostprocessing = 0;
		};
/* End PBXSourcesBuildPhase section */

/* Begin XCBuildConfiguration section */
		96DF2EFE2B5E109A00DBFA4E /* Debug */ = {
			isa = XCBuildConfiguration;
			buildSettings = {
				ALWAYS_SEARCH_USER_PATHS = NO;
				ASSETCATALOG_COMPILER_GENERATE_SWIFT_ASSET_SYMBOL_EXTENSIONS = YES;
				CLANG_ANALYZER_NONNULL = YES;
				CLANG_ANALYZER_NUMBER_OBJECT_CONVERSION = YES_AGGRESSIVE;
				CLANG_CXX_LANGUAGE_STANDARD = "gnu++20";
				CLANG_ENABLE_MODULES = YES;
				CLANG_ENABLE_OBJC_ARC = YES;
				CLANG_ENABLE_OBJC_WEAK = YES;
				CLANG_WARN_BLOCK_CAPTURE_AUTORELEASING = YES;
				CLANG_WARN_BOOL_CONVERSION = YES;
				CLANG_WARN_COMMA = YES;
				CLANG_WARN_CONSTANT_CONVERSION = YES;
				CLANG_WARN_DEPRECATED_OBJC_IMPLEMENTATIONS = YES;
				CLANG_WARN_DIRECT_OBJC_ISA_USAGE = YES_ERROR;
				CLANG_WARN_DOCUMENTATION_COMMENTS = YES;
				CLANG_WARN_EMPTY_BODY = YES;
				CLANG_WARN_ENUM_CONVERSION = YES;
				CLANG_WARN_INFINITE_RECURSION = YES;
				CLANG_WARN_INT_CONVERSION = YES;
				CLANG_WARN_NON_LITERAL_NULL_CONVERSION = YES;
				CLANG_WARN_OBJC_IMPLICIT_RETAIN_SELF = YES;
				CLANG_WARN_OBJC_LITERAL_CONVERSION = YES;
				CLANG_WARN_OBJC_ROOT_CLASS = YES_ERROR;
				CLANG_WARN_QUOTED_INCLUDE_IN_FRAMEWORK_HEADER = YES;
				CLANG_WARN_RANGE_LOOP_ANALYSIS = YES;
				CLANG_WARN_STRICT_PROTOTYPES = YES;
				CLANG_WARN_SUSPICIOUS_MOVE = YES;
				CLANG_WARN_UNGUARDED_AVAILABILITY = YES_AGGRESSIVE;
				CLANG_WARN_UNREACHABLE_CODE = YES;
				CLANG_WARN__DUPLICATE_METHOD_MATCH = YES;
				COPY_PHASE_STRIP = NO;
				DEBUG_INFORMATION_FORMAT = dwarf;
				ENABLE_STRICT_OBJC_MSGSEND = YES;
				ENABLE_TESTABILITY = YES;
				ENABLE_USER_SCRIPT_SANDBOXING = YES;
				GCC_C_LANGUAGE_STANDARD = gnu17;
				GCC_DYNAMIC_NO_PIC = NO;
				GCC_NO_COMMON_BLOCKS = YES;
				GCC_OPTIMIZATION_LEVEL = 0;
				GCC_PREPROCESSOR_DEFINITIONS = (
					"DEBUG=1",
					"$(inherited)",
				);
				GCC_WARN_64_TO_32_BIT_CONVERSION = YES;
				GCC_WARN_ABOUT_RETURN_TYPE = YES_ERROR;
				GCC_WARN_UNDECLARED_SELECTOR = YES;
				GCC_WARN_UNINITIALIZED_AUTOS = YES_AGGRESSIVE;
				GCC_WARN_UNUSED_FUNCTION = YES;
				GCC_WARN_UNUSED_VARIABLE = YES;
				IPHONEOS_DEPLOYMENT_TARGET = 17.2;
				LOCALIZATION_PREFERS_STRING_CATALOGS = YES;
				MTL_ENABLE_DEBUG_INFO = INCLUDE_SOURCE;
				MTL_FAST_MATH = YES;
				ONLY_ACTIVE_ARCH = YES;
				SDKROOT = iphoneos;
				SWIFT_ACTIVE_COMPILATION_CONDITIONS = "DEBUG $(inherited)";
				SWIFT_OPTIMIZATION_LEVEL = "-Onone";
			};
			name = Debug;
		};
		96DF2EFF2B5E109A00DBFA4E /* Release */ = {
			isa = XCBuildConfiguration;
			buildSettings = {
				ALWAYS_SEARCH_USER_PATHS = NO;
				ASSETCATALOG_COMPILER_GENERATE_SWIFT_ASSET_SYMBOL_EXTENSIONS = YES;
				CLANG_ANALYZER_NONNULL = YES;
				CLANG_ANALYZER_NUMBER_OBJECT_CONVERSION = YES_AGGRESSIVE;
				CLANG_CXX_LANGUAGE_STANDARD = "gnu++20";
				CLANG_ENABLE_MODULES = YES;
				CLANG_ENABLE_OBJC_ARC = YES;
				CLANG_ENABLE_OBJC_WEAK = YES;
				CLANG_WARN_BLOCK_CAPTURE_AUTORELEASING = YES;
				CLANG_WARN_BOOL_CONVERSION = YES;
				CLANG_WARN_COMMA = YES;
				CLANG_WARN_CONSTANT_CONVERSION = YES;
				CLANG_WARN_DEPRECATED_OBJC_IMPLEMENTATIONS = YES;
				CLANG_WARN_DIRECT_OBJC_ISA_USAGE = YES_ERROR;
				CLANG_WARN_DOCUMENTATION_COMMENTS = YES;
				CLANG_WARN_EMPTY_BODY = YES;
				CLANG_WARN_ENUM_CONVERSION = YES;
				CLANG_WARN_INFINITE_RECURSION = YES;
				CLANG_WARN_INT_CONVERSION = YES;
				CLANG_WARN_NON_LITERAL_NULL_CONVERSION = YES;
				CLANG_WARN_OBJC_IMPLICIT_RETAIN_SELF = YES;
				CLANG_WARN_OBJC_LITERAL_CONVERSION = YES;
				CLANG_WARN_OBJC_ROOT_CLASS = YES_ERROR;
				CLANG_WARN_QUOTED_INCLUDE_IN_FRAMEWORK_HEADER = YES;
				CLANG_WARN_RANGE_LOOP_ANALYSIS = YES;
				CLANG_WARN_STRICT_PROTOTYPES = YES;
				CLANG_WARN_SUSPICIOUS_MOVE = YES;
				CLANG_WARN_UNGUARDED_AVAILABILITY = YES_AGGRESSIVE;
				CLANG_WARN_UNREACHABLE_CODE = YES;
				CLANG_WARN__DUPLICATE_METHOD_MATCH = YES;
				COPY_PHASE_STRIP = NO;
				DEBUG_INFORMATION_FORMAT = "dwarf-with-dsym";
				ENABLE_NS_ASSERTIONS = NO;
				ENABLE_STRICT_OBJC_MSGSEND = YES;
				ENABLE_USER_SCRIPT_SANDBOXING = YES;
				GCC_C_LANGUAGE_STANDARD = gnu17;
				GCC_NO_COMMON_BLOCKS = YES;
				GCC_WARN_64_TO_32_BIT_CONVERSION = YES;
				GCC_WARN_ABOUT_RETURN_TYPE = YES_ERROR;
				GCC_WARN_UNDECLARED_SELECTOR = YES;
				GCC_WARN_UNINITIALIZED_AUTOS = YES_AGGRESSIVE;
				GCC_WARN_UNUSED_FUNCTION = YES;
				GCC_WARN_UNUSED_VARIABLE = YES;
				IPHONEOS_DEPLOYMENT_TARGET = 17.2;
				LOCALIZATION_PREFERS_STRING_CATALOGS = YES;
				MTL_ENABLE_DEBUG_INFO = NO;
				MTL_FAST_MATH = YES;
				SDKROOT = iphoneos;
				SWIFT_COMPILATION_MODE = wholemodule;
				VALIDATE_PRODUCT = YES;
			};
			name = Release;
		};
		96DF2F012B5E109A00DBFA4E /* Debug */ = {
			isa = XCBuildConfiguration;
			buildSettings = {
				ASSETCATALOG_COMPILER_APPICON_NAME = AppIcon;
				ASSETCATALOG_COMPILER_GLOBAL_ACCENT_COLOR_NAME = AccentColor;
				CODE_SIGN_STYLE = Automatic;
				CURRENT_PROJECT_VERSION = 1;
				DEVELOPMENT_ASSET_PATHS = "\"sample/Preview Content\"";
				ENABLE_PREVIEWS = YES;
				GENERATE_INFOPLIST_FILE = YES;
				INFOPLIST_KEY_UIApplicationSceneManifest_Generation = YES;
				INFOPLIST_KEY_UIApplicationSupportsIndirectInputEvents = YES;
				INFOPLIST_KEY_UILaunchScreen_Generation = YES;
				INFOPLIST_KEY_UISupportedInterfaceOrientations_iPad = "UIInterfaceOrientationPortrait UIInterfaceOrientationPortraitUpsideDown UIInterfaceOrientationLandscapeLeft UIInterfaceOrientationLandscapeRight";
				INFOPLIST_KEY_UISupportedInterfaceOrientations_iPhone = "UIInterfaceOrientationPortrait UIInterfaceOrientationLandscapeLeft UIInterfaceOrientationLandscapeRight";
				LD_RUNPATH_SEARCH_PATHS = (
					"$(inherited)",
					"@executable_path/Frameworks",
				);
				MARKETING_VERSION = 1.0;
				PRODUCT_BUNDLE_IDENTIFIER = com.test.sample;
				PRODUCT_NAME = "$(TARGET_NAME)";
				SWIFT_EMIT_LOC_STRINGS = YES;
				SWIFT_VERSION = 5.0;
				TARGETED_DEVICE_FAMILY = "1,2";
			};
			name = Debug;
		};
		96DF2F022B5E109A00DBFA4E /* Release */ = {
			isa = XCBuildConfiguration;
			buildSettings = {
				ASSETCATALOG_COMPILER_APPICON_NAME = AppIcon;
				ASSETCATALOG_COMPILER_GLOBAL_ACCENT_COLOR_NAME = AccentColor;
				CODE_SIGN_STYLE = Automatic;
				CURRENT_PROJECT_VERSION = 1;
				DEVELOPMENT_ASSET_PATHS = "\"sample/Preview Content\"";
				ENABLE_PREVIEWS = YES;
				GENERATE_INFOPLIST_FILE = YES;
				INFOPLIST_KEY_UIApplicationSceneManifest_Generation = YES;
				INFOPLIST_KEY_UIApplicationSupportsIndirectInputEvents = YES;
				INFOPLIST_KEY_UILaunchScreen_Generation = YES;
				INFOPLIST_KEY_UISupportedInterfaceOrientations_iPad = "UIInterfaceOrientationPortrait UIInterfaceOrientationPortraitUpsideDown UIInterfaceOrientationLandscapeLeft UIInterfaceOrientationLandscapeRight";
				INFOPLIST_KEY_UISupportedInterfaceOrientations_iPhone = "UIInterfaceOrientationPortrait UIInterfaceOrientationLandscapeLeft UIInterfaceOrientationLandscapeRight";
				LD_RUNPATH_SEARCH_PATHS = (
					"$(inherited)",
					"@executable_path/Frameworks",
				);
				MARKETING_VERSION = 1.0;
				PRODUCT_BUNDLE_IDENTIFIER = com.test.sample;
				PRODUCT_NAME = "$(TARGET_NAME)";
				SWIFT_EMIT_LOC_STRINGS = YES;
				SWIFT_VERSION = 5.0;
				TARGETED_DEVICE_FAMILY = "1,2";
			};
			name = Release;
		};
/* End XCBuildConfiguration section */

/* Begin XCConfigurationList section */
		96DF2EED2B5E109800DBFA4E /* Build configuration list for PBXProject "sample" */ = {
			isa = XCConfigurationList;
			buildConfigurations = (
				96DF2EFE2B5E109A00DBFA4E /* Debug */,
				96DF2EFF2B5E109A00DBFA4E /* Release */,
			);
			defaultConfigurationIsVisible = 0;
			defaultConfigurationName = Release;
		};
		96DF2F002B5E109A00DBFA4E /* Build configuration list for PBXNativeTarget "sample" */ = {
			isa = XCConfigurationList;
			buildConfigurations = (
				96DF2F012B5E109A00DBFA4E /* Debug */,
				96DF2F022B5E109A00DBFA4E /* Release */,
			);
			defaultConfigurationIsVisible = 0;
			defaultConfigurationName = Release;
		};
/* End XCConfigurationList section */

/* Begin XCVersionGroup section */
		96DF2F1C2B5E2FDB00DBFA4E /* Task.xcdatamodeld */ = {
			isa = XCVersionGroup;
			children = (
				96DF2F1D2B5E2FDB00DBFA4E /* Task.xcdatamodel */,
			);
			currentVersion = 96DF2F1D2B5E2FDB00DBFA4E /* Task.xcdatamodel */;
			path = Task.xcdatamodeld;
			sourceTree = "<group>";
			versionGroupType = wrapper.xcdatamodel;
		};
/* End XCVersionGroup section */
	};
	rootObject = 96DF2EEA2B5E109800DBFA4E /* Project object */;
}
